
Microsoft Visual Studio Solution File, Format Version 12.00
# Visual Studio Version 16
VisualStudioVersion = 25.0.1705.4
MinimumVisualStudioVersion = 10.0.40219.1
Project("{FAE04EC0-301F-11D3-BF4B-00C04F79EFBC}") = "PL", "PL\PL.csproj", "{35FD27B6-BE07-41A1-B5AE-96D4FC695529}"
EndProject
Project("{FAE04EC0-301F-11D3-BF4B-00C04F79EFBC}") = "ML", "ML\ML.csproj", "{AE595189-104E-4DE9-ADE4-4D2C5B04121E}"
EndProject
Project("{FAE04EC0-301F-11D3-BF4B-00C04F79EFBC}") = "DL", "DL\DL.csproj", "{5D24F6C7-F72D-4D06-A1CA-AE514F2CFE8D}"
EndProject
Project("{FAE04EC0-301F-11D3-BF4B-00C04F79EFBC}") = "BL", "BL\BL.csproj", "{77B02390-92B2-4227-AAF0-9B9F42036506}"
EndProject
Global
	GlobalSection(SolutionConfigurationPlatforms) = preSolution
		Debug|Any CPU = Debug|Any CPU
		Release|Any CPU = Release|Any CPU
	EndGlobalSection
	GlobalSection(ProjectConfigurationPlatforms) = postSolution
		{35FD27B6-BE07-41A1-B5AE-96D4FC695529}.Debug|Any CPU.ActiveCfg = Debug|Any CPU
		{35FD27B6-BE07-41A1-B5AE-96D4FC695529}.Debug|Any CPU.Build.0 = Debug|Any CPU
		{35FD27B6-BE07-41A1-B5AE-96D4FC695529}.Release|Any CPU.ActiveCfg = Release|Any CPU
		{35FD27B6-BE07-41A1-B5AE-96D4FC695529}.Release|Any CPU.Build.0 = Release|Any CPU
		{AE595189-104E-4DE9-ADE4-4D2C5B04121E}.Debug|Any CPU.ActiveCfg = Debug|Any CPU
		{AE595189-104E-4DE9-ADE4-4D2C5B04121E}.Debug|Any CPU.Build.0 = Debug|Any CPU
		{AE595189-104E-4DE9-ADE4-4D2C5B04121E}.Release|Any CPU.ActiveCfg = Release|Any CPU
		{AE595189-104E-4DE9-ADE4-4D2C5B04121E}.Release|Any CPU.Build.0 = Release|Any CPU
		{5D24F6C7-F72D-4D06-A1CA-AE514F2CFE8D}.Debug|Any CPU.ActiveCfg = Debug|Any CPU
		{5D24F6C7-F72D-4D06-A1CA-AE514F2CFE8D}.Debug|Any CPU.Build.0 = Debug|Any CPU
		{5D24F6C7-F72D-4D06-A1CA-AE514F2CFE8D}.Release|Any CPU.ActiveCfg = Release|Any CPU
		{5D24F6C7-F72D-4D06-A1CA-AE514F2CFE8D}.Release|Any CPU.Build.0 = Release|Any CPU
		{77B02390-92B2-4227-AAF0-9B9F42036506}.Debug|Any CPU.ActiveCfg = Debug|Any CPU
		{77B02390-92B2-4227-AAF0-9B9F42036506}.Debug|Any CPU.Build.0 = Debug|Any CPU
		{77B02390-92B2-4227-AAF0-9B9F42036506}.Release|Any CPU.ActiveCfg = Release|Any CPU
		{77B02390-92B2-4227-AAF0-9B9F42036506}.Release|Any CPU.Build.0 = Release|Any CPU
	EndGlobalSection
	GlobalSection(SolutionProperties) = preSolution
		HideSolutionNode = FALSE
	EndGlobalSection
	GlobalSection(ExtensibilityGlobals) = postSolution
		SolutionGuid = {29526EAD-2D1B-44AC-B586-D4F882A4A11D}
	EndGlobalSection
EndGlobal
